# vendor.lock — every vendored byte in a bundled release, pinned.
#
# bin/ronin-build reads this file to assemble the per-platform bundles: the Node
# runtime (official nodejs.org tarball), the static tmux (built and proven by
# .github/workflows/tmux-static.yml, published as a tmux-static-vN release), and
# node_modules (pinned by package-lock.json, not here). Every download is verified
# against the sha256 below and the build fails loud on any mismatch.
#
# Bumping Node or tmux is a reviewed commit to this file — never a release side
# effect. Node sha256s come from nodejs.org/dist/<version>/SHASUMS256.txt (the
# .tar.xz lines); tmux sha256s from the tmux-static run that built the binary.
#
# `platforms` names what a release builds. Growing it = adding its pin lines first.
# (Windows is served by the linux artifacts through WSL2 — docs/DEPENDENCY_BUNDLE_INSTALL.md.)

platforms linux-x64 linux-arm64 darwin-arm64 darwin-x64

node v22.23.2
node-sha256 linux-x64 d60acfe00a2932254bb0ad20e01b0d74397a0875595de719654b214f4b03f307
node-sha256 linux-arm64 fff4078c5def658577f92c88db7db3bc0072924bfb93fe52c1e744a54e94abb8
node-sha256 darwin-arm64 5eff7a9011895aae3f29d06f167b84a62b028a591370c7cafb59103559fd26e1
node-sha256 darwin-x64 96dff79f4e19a78715da559ec7cac2028f4985a175ea0c3454625a269c21deb7

tmux tmux-static-v2
tmux-sha256 linux-x64 34c4241bcbdfa01c431e9d1fa37b5a721f33b8368c4b792329013e269b3d2c12
tmux-sha256 linux-arm64 9ed80eb82a788d5d73bf359c373f64086798c7d84a8f59bc662ccd4993bb42a1
tmux-sha256 darwin-arm64 efc9274b793b95c91a5f0ff4eb35aeb77cb6045ba781c05ecc75353f1e3faad0
tmux-sha256 darwin-x64 650e53c83fc6e2f6d37fc4ccb95953934c72031680f9ad46bef2233e0783368d
